{
  "requires": true,
  "lockfileVersion": 1,
  "dependencies": {
    "flexmonster": {
      "version": "2.7.16",
      "resolved": "https://registry.npmjs.org/flexmonster/-/flexmonster-2.7.16.tgz",
      "integrity": "sha512-iuFdj5iUp0dZQ0hNfEmAMZmSmT+1yGvvBUPho7tssd5Sbtf380yogyK5AElv/1fC3bQKWmsLnLrrY3g+EZKfGA=="
    }
  }
}
